
Microsoft Visual Studio Solution File, Format Version 12.00
# Visual Studio 2012
Project("{FAE04EC0-301F-11D3-BF4B-00C04F79EFBC}") = "Example", "Example\Example.csproj", "{BCA10C01-155A-4C48-BD68-9504830F9D4A}"
EndProject
Project("{FAE04EC0-301F-11D3-BF4B-00C04F79EFBC}") = "WebExample", "WebExample\WebExample.csproj", "{C2892864-64C7-4BF7-A346-7B9744B8B9C2}"
EndProject
Project("{FAE04EC0-301F-11D3-BF4B-00C04F79EFBC}") = "FileStorage", "FileStorage\FileStorage.csproj", "{B440BE58-E06B-4CB4-8111-BAF03C015ABC}"
EndProject
Project("{FAE04EC0-301F-11D3-BF4B-00C04F79EFBC}") = "FileStorageCmd", "FileStorageCmd\FileStorageCmd.csproj", "{5345BC54-E210-47B1-B9EC-CA42963D8A4A}"
EndProject
Project("{2150E333-8FDC-42A3-9474-1A3956D46DE8}") = ".nuget", ".nuget", "{9D819551-C94D-4FDF-BD61-1DAF7B7D0554}"
	ProjectSection(SolutionItems) = preProject
		.nuget\NuGet.Config = .nuget\NuGet.Config
		.nuget\NuGet.exe = .nuget\NuGet.exe
		.nuget\NuGet.targets = .nuget\NuGet.targets
	EndProjectSection
EndProject
Project("{2150E333-8FDC-42A3-9474-1A3956D46DE8}") = "Tests", "Tests", "{5C4611E1-80B1-44FD-9C32-80E73B542063}"
EndProject
Project("{FAE04EC0-301F-11D3-BF4B-00C04F79EFBC}") = "IntegrationTests", "IntegrationTests\IntegrationTests.csproj", "{F3931151-B0FF-49A6-A625-0B52433AC989}"
EndProject
Global
	GlobalSection(SolutionConfigurationPlatforms) = preSolution
		Debug|Any CPU = Debug|Any CPU
		Release|Any CPU = Release|Any CPU
	EndGlobalSection
	GlobalSection(ProjectConfigurationPlatforms) = postSolution
		{BCA10C01-155A-4C48-BD68-9504830F9D4A}.Debug|Any CPU.ActiveCfg = Debug|Any CPU
		{BCA10C01-155A-4C48-BD68-9504830F9D4A}.Debug|Any CPU.Build.0 = Debug|Any CPU
		{BCA10C01-155A-4C48-BD68-9504830F9D4A}.Release|Any CPU.ActiveCfg = Release|Any CPU
		{BCA10C01-155A-4C48-BD68-9504830F9D4A}.Release|Any CPU.Build.0 = Release|Any CPU
		{C2892864-64C7-4BF7-A346-7B9744B8B9C2}.Debug|Any CPU.ActiveCfg = Debug|Any CPU
		{C2892864-64C7-4BF7-A346-7B9744B8B9C2}.Debug|Any CPU.Build.0 = Debug|Any CPU
		{C2892864-64C7-4BF7-A346-7B9744B8B9C2}.Release|Any CPU.ActiveCfg = Release|Any CPU
		{C2892864-64C7-4BF7-A346-7B9744B8B9C2}.Release|Any CPU.Build.0 = Release|Any CPU
		{B440BE58-E06B-4CB4-8111-BAF03C015ABC}.Debug|Any CPU.ActiveCfg = Debug|Any CPU
		{B440BE58-E06B-4CB4-8111-BAF03C015ABC}.Debug|Any CPU.Build.0 = Debug|Any CPU
		{B440BE58-E06B-4CB4-8111-BAF03C015ABC}.Release|Any CPU.ActiveCfg = Release|Any CPU
		{B440BE58-E06B-4CB4-8111-BAF03C015ABC}.Release|Any CPU.Build.0 = Release|Any CPU
		{5345BC54-E210-47B1-B9EC-CA42963D8A4A}.Debug|Any CPU.ActiveCfg = Debug|Any CPU
		{5345BC54-E210-47B1-B9EC-CA42963D8A4A}.Debug|Any CPU.Build.0 = Debug|Any CPU
		{5345BC54-E210-47B1-B9EC-CA42963D8A4A}.Release|Any CPU.ActiveCfg = Release|Any CPU
		{5345BC54-E210-47B1-B9EC-CA42963D8A4A}.Release|Any CPU.Build.0 = Release|Any CPU
		{F3931151-B0FF-49A6-A625-0B52433AC989}.Debug|Any CPU.ActiveCfg = Debug|Any CPU
		{F3931151-B0FF-49A6-A625-0B52433AC989}.Debug|Any CPU.Build.0 = Debug|Any CPU
		{F3931151-B0FF-49A6-A625-0B52433AC989}.Release|Any CPU.ActiveCfg = Release|Any CPU
		{F3931151-B0FF-49A6-A625-0B52433AC989}.Release|Any CPU.Build.0 = Release|Any CPU
	EndGlobalSection
	GlobalSection(SolutionProperties) = preSolution
		HideSolutionNode = FALSE
	EndGlobalSection
	GlobalSection(NestedProjects) = preSolution
		{F3931151-B0FF-49A6-A625-0B52433AC989} = {5C4611E1-80B1-44FD-9C32-80E73B542063}
	EndGlobalSection
EndGlobal
